PODS:
  - Masonry (1.1.0)
  - RnpKit (1.0.6):
    - RnpKit/AttributedString (= 1.0.6)
    - RnpKit/BezierPath (= 1.0.6)
    - RnpKit/Gesture (= 1.0.6)
    - RnpKit/Layer (= 1.0.6)
    - RnpKit/Layout (= 1.0.6)
    - RnpKit/View (= 1.0.6)
  - RnpKit/AttributedString (1.0.6):
    - RnpKit/View
  - RnpKit/BezierPath (1.0.6):
    - RnpKit/View
  - RnpKit/Gesture (1.0.6):
    - RnpKit/View
  - RnpKit/Layer (1.0.6):
    - RnpKit/View
  - RnpKit/Layout (1.0.6):
    - Masonry
    - RnpKit/View
  - RnpKit/View (1.0.6)

DEPENDENCIES:
  - RnpKit (from `../`)

SPEC REPOS:
  trunk:
    - Masonry

EXTERNAL SOURCES:
  RnpKit:
    :path: "../"

SPEC CHECKSUMS:
  Masonry: 678fab65091a9290e40e2832a55e7ab731aad201
  RnpKit: 29ccc2758f980050fea6e3cf6da913903de5fb1f

PODFILE CHECKSUM: 790318de3d72b894d268f04914846dfbda6032dc

COCOAPODS: 1.9.1
